
Microsoft Visual Studio Solution File, Format Version 12.00
# Visual Studio 2012
Project("{FAE04EC0-301F-11D3-BF4B-00C04F79EFBC}") = "Fibonacci", "Fibonacci\Fibonacci.csproj", "{5A1EE713-D560-4B83-B082-C0309F52267D}"
EndProject
Project("{FAE04EC0-301F-11D3-BF4B-00C04F79EFBC}") = "WebSocketsApplication", "WebSocketsApplication\WebSocketsApplication.csproj", "{2B6A10DC-2F77-4D0C-9050-2678A859CF3F}"
EndProject
Global
	GlobalSection(SolutionConfigurationPlatforms) = preSolution
		Debug|Any CPU = Debug|Any CPU
		Release|Any CPU = Release|Any CPU
	EndGlobalSection
	GlobalSection(ProjectConfigurationPlatforms) = postSolution
		{5A1EE713-D560-4B83-B082-C0309F52267D}.Debug|Any CPU.ActiveCfg = Debug|Any CPU
		{5A1EE713-D560-4B83-B082-C0309F52267D}.Debug|Any CPU.Build.0 = Debug|Any CPU
		{5A1EE713-D560-4B83-B082-C0309F52267D}.Release|Any CPU.ActiveCfg = Release|Any CPU
		{5A1EE713-D560-4B83-B082-C0309F52267D}.Release|Any CPU.Build.0 = Release|Any CPU
		{2B6A10DC-2F77-4D0C-9050-2678A859CF3F}.Debug|Any CPU.ActiveCfg = Debug|Any CPU
		{2B6A10DC-2F77-4D0C-9050-2678A859CF3F}.Debug|Any CPU.Build.0 = Debug|Any CPU
		{2B6A10DC-2F77-4D0C-9050-2678A859CF3F}.Release|Any CPU.ActiveCfg = Release|Any CPU
		{2B6A10DC-2F77-4D0C-9050-2678A859CF3F}.Release|Any CPU.Build.0 = Release|Any CPU
	EndGlobalSection
	GlobalSection(SolutionProperties) = preSolution
		HideSolutionNode = FALSE
	EndGlobalSection
EndGlobal
